Microsoft Visual Studio Solution File, Format Version 9.00
# Visual Studio 2005
Project("{8BC9CEB8-8B4A-11D0-8D11-00A0C91BC942}") = "fwink", "fwink.vcproj", "{5E9AE5A3-6862-4F99-87A1-BC4E5A8E7BCB}"
EndProject
Project("{8BC9CEB8-8B4A-11D0-8D11-00A0C91BC942}") = "remotewonder", "remotewonder\remotewonder.vcproj", "{C449747F-CC61-46CB-8057-D4E19278D8AD}"
EndProject
Global
	GlobalSection(SolutionConfigurationPlatforms) = preSolution
		Debug|Win32 = Debug|Win32
		Release|Win32 = Release|Win32
	EndGlobalSection
	GlobalSection(ProjectConfigurationPlatforms) = postSolution
		{5E9AE5A3-6862-4F99-87A1-BC4E5A8E7BCB}.Debug|Win32.ActiveCfg = Debug|Win32
		{5E9AE5A3-6862-4F99-87A1-BC4E5A8E7BCB}.Debug|Win32.Build.0 = Debug|Win32
		{5E9AE5A3-6862-4F99-87A1-BC4E5A8E7BCB}.Release|Win32.ActiveCfg = Release|Win32
		{5E9AE5A3-6862-4F99-87A1-BC4E5A8E7BCB}.Release|Win32.Build.0 = Release|Win32
		{C449747F-CC61-46CB-8057-D4E19278D8AD}.Debug|Win32.ActiveCfg = Debug|Win32
		{C449747F-CC61-46CB-8057-D4E19278D8AD}.Release|Win32.ActiveCfg = Release|Win32
	EndGlobalSection
	GlobalSection(SolutionProperties) = preSolution
		HideSolutionNode = FALSE
	EndGlobalSection
	GlobalSection(LocalDeployment) = postSolution
		StartupProject = {00000000-0000-0000-0000-000000000000}
	EndGlobalSection
	GlobalSection(BuildOrder) = postSolution
		0 = {F6CFF2FA-459D-4A10-9376-F2A9E104DE42}
	EndGlobalSection
EndGlobal
